
Microsoft Visual Studio Solution File, Format Version 12.00
# Visual Studio 2013
VisualStudioVersion = 12.0.30324.0
MinimumVisualStudioVersion = 10.0.40219.1
Project("{FAE04EC0-301F-11D3-BF4B-00C04F79EFBC}") = "LibraryApi", "LibraryApi\LibraryApi.csproj", "{176A49BF-A7FC-482D-9DD2-2C554BD8029C}"
EndProject
Project("{FAE04EC0-301F-11D3-BF4B-00C04F79EFBC}") = "LibraryApiTests", "LibraryApiTests\LibraryApiTests.csproj", "{253E3DD1-116C-4A38-9746-B5EFF160ACFD}"
EndProject
Project("{FAE04EC0-301F-11D3-BF4B-00C04F79EFBC}") = "Hoster", "Hoster\Hoster.csproj", "{F48DE6C0-7E27-49D8-8838-C90935F63789}"
EndProject
Project("{FAE04EC0-301F-11D3-BF4B-00C04F79EFBC}") = "Client", "Client\Client.csproj", "{C799494B-B2E6-4F0A-95D7-85C657DF4E0C}"
EndProject
Global
	GlobalSection(SolutionConfigurationPlatforms) = preSolution
		Debug|Any CPU = Debug|Any CPU
		Release|Any CPU = Release|Any CPU
	EndGlobalSection
	GlobalSection(ProjectConfigurationPlatforms) = postSolution
		{176A49BF-A7FC-482D-9DD2-2C554BD8029C}.Debug|Any CPU.ActiveCfg = Debug|Any CPU
		{176A49BF-A7FC-482D-9DD2-2C554BD8029C}.Debug|Any CPU.Build.0 = Debug|Any CPU
		{176A49BF-A7FC-482D-9DD2-2C554BD8029C}.Release|Any CPU.ActiveCfg = Release|Any CPU
		{176A49BF-A7FC-482D-9DD2-2C554BD8029C}.Release|Any CPU.Build.0 = Release|Any CPU
		{253E3DD1-116C-4A38-9746-B5EFF160ACFD}.Debug|Any CPU.ActiveCfg = Debug|Any CPU
		{253E3DD1-116C-4A38-9746-B5EFF160ACFD}.Debug|Any CPU.Build.0 = Debug|Any CPU
		{253E3DD1-116C-4A38-9746-B5EFF160ACFD}.Release|Any CPU.ActiveCfg = Release|Any CPU
		{253E3DD1-116C-4A38-9746-B5EFF160ACFD}.Release|Any CPU.Build.0 = Release|Any CPU
		{F48DE6C0-7E27-49D8-8838-C90935F63789}.Debug|Any CPU.ActiveCfg = Debug|Any CPU
		{F48DE6C0-7E27-49D8-8838-C90935F63789}.Debug|Any CPU.Build.0 = Debug|Any CPU
		{F48DE6C0-7E27-49D8-8838-C90935F63789}.Release|Any CPU.ActiveCfg = Release|Any CPU
		{F48DE6C0-7E27-49D8-8838-C90935F63789}.Release|Any CPU.Build.0 = Release|Any CPU
		{C799494B-B2E6-4F0A-95D7-85C657DF4E0C}.Debug|Any CPU.ActiveCfg = Debug|Any CPU
		{C799494B-B2E6-4F0A-95D7-85C657DF4E0C}.Debug|Any CPU.Build.0 = Debug|Any CPU
		{C799494B-B2E6-4F0A-95D7-85C657DF4E0C}.Release|Any CPU.ActiveCfg = Release|Any CPU
		{C799494B-B2E6-4F0A-95D7-85C657DF4E0C}.Release|Any CPU.Build.0 = Release|Any CPU
	EndGlobalSection
	GlobalSection(SolutionProperties) = preSolution
		HideSolutionNode = FALSE
	EndGlobalSection
EndGlobal
